// !$*UTF8*$!
{
	archiveVersion = 1;
	classes = {
	};
	objectVersion = 46;
	objects = {

/* Begin PBXBuildFile section */
		8469D3131EC5B0F60035E99B /* AppDelegate.swift in Sources */ = {isa = PBXBuildFile; fileRef = 8469D3121EC5B0F60035E99B /* AppDelegate.swift */; };
		8469D3151EC5B0F60035E99B /* ViewController.swift in Sources */ = {isa = PBXBuildFile; fileRef = 8469D3141EC5B0F60035E99B /* ViewController.swift */; };
		8469D3181EC5B0F60035E99B /* Main.storyboard in Resources */ = {isa = PBXBuildFile; fileRef = 8469D3161EC5B0F60035E99B /* Main.storyboard */; };
		8469D31A1EC5B0F60035E99B /* Assets.xcassets in Resources */ = {isa = PBXBuildFile; fileRef = 8469D3191EC5B0F60035E99B /* Assets.xcassets */; };
		8469D31D1EC5B0F60035E99B /* LaunchScreen.storyboard in Resources */ = {isa = PBXBuildFile; fileRef = 8469D31B1EC5B0F60035E99B /* LaunchScreen.storyboard */; };
		8469D3251EC5B4400035E99B /* CollectionViewCell.swift in Sources */ = {isa = PBXBuildFile; fileRef = 8469D3241EC5B4400035E99B /* CollectionViewCell.swift */; };
/* End PBXBuildFile section */

/* Begin PBXFileReference section */
		8469D30F1EC5B0F60035E99B /* CustomizeUIcollectionView.app */ = {isa = PBXFileReference; explicitFileType = wrapper.application; includeInIndex = 0; path = CustomizeUIcollectionView.app; sourceTree = BUILT_PRODUCTS_DIR; };
		8469D3121EC5B0F60035E99B /* AppDelegate.swift */ = {isa = PBXFileReference; lastKnownFileType = sourcecode.swift; path = AppDelegate.swift; sourceTree = "<group>"; };
		8469D3141EC5B0F60035E99B /* ViewController.swift */ = {isa = PBXFileReference; lastKnownFileType = sourcecode.swift; path = ViewController.swift; sourceTree = "<group>"; };
		8469D3171EC5B0F60035E99B /* Base */ = {isa = PBXFileReference; lastKnownFileType = file.storyboard; name = Base; path = Base.lproj/Main.storyboard; sourceTree = "<group>"; };
		8469D3191EC5B0F60035E99B /* Assets.xcassets */ = {isa = PBXFileReference; lastKnownFileType = folder.assetcatalog; path = Assets.xcassets; sourceTree = "<group>"; };
		8469D31C1EC5B0F60035E99B /* Base */ = {isa = PBXFileReference; lastKnownFileType = file.storyboard; name = Base; path = Base.lproj/LaunchScreen.storyboard; sourceTree = "<group>"; };
		8469D31E1EC5B0F60035E99B /* Info.plist */ = {isa = PBXFileReference; lastKnownFileType = text.plist.xml; path = Info.plist; sourceTree = "<group>"; };
		8469D3241EC5B4400035E99B /* CollectionViewCell.swift */ = {isa = PBXFileReference; fileEncoding = 4; lastKnownFileType = sourcecode.swift; path = CollectionViewCell.swift; sourceTree = "<group>"; };
/* End PBXFileReference section */

/* Begin PBXFrameworksBuildPhase section */
		8469D30C1EC5B0F60035E99B /* Frameworks */ = {
			isa = PBXFrameworksBuildPhase;
			buildActionMask = 2147483647;
			files = (
			);
			runOnlyForDeploymentPostprocessing = 0;
		};
/* End PBXFrameworksBuildPhase section */

/* Begin PBXGroup section */
		8469D3061EC5B0F60035E99B = {
			isa = PBXGroup;
			children = (
				8469D3111EC5B0F60035E99B /* CustomizeUIcollectionView */,
				8469D3101EC5B0F60035E99B /* Products */,
			);
			sourceTree = "<group>";
		};
		8469D3101EC5B0F60035E99B /* Products */ = {
			isa = PBXGroup;
			children = (
				8469D30F1EC5B0F60035E99B /* CustomizeUIcollectionView.app */,
			);
			name = Products;
			sourceTree = "<group>";
		};
		8469D3111EC5B0F60035E99B /* CustomizeUIcollectionView */ = {
			isa = PBXGroup;
			children = (
				8469D3121EC5B0F60035E99B /* AppDelegate.swift */,
				8469D3141EC5B0F60035E99B /* ViewController.swift */,
				8469D3241EC5B4400035E99B /* CollectionViewCell.swift */,
				8469D3161EC5B0F60035E99B /* Main.storyboard */,
				8469D3191EC5B0F60035E99B /* Assets.xcassets */,
				8469D31B1EC5B0F60035E99B /* LaunchScreen.storyboard */,
				8469D31E1EC5B0F60035E99B /* Info.plist */,
			);
			path = CustomizeUIcollectionView;
			sourceTree = "<group>";
		};
/* End PBXGroup section */

/* Begin PBXNativeTarget section */
		8469D30E1EC5B0F60035E99B /* CustomizeUIcollectionView */ = {
			isa = PBXNativeTarget;
			buildConfigurationList = 8469D3211EC5B0F60035E99B /* Build configuration list for PBXNativeTarget "CustomizeUIcollectionView" */;
			buildPhases = (
				8469D30B1EC5B0F60035E99B /* Sources */,
				8469D30C1EC5B0F60035E99B /* Frameworks */,
				8469D30D1EC5B0F60035E99B /* Resources */,
			);
			buildRules = (
			);
			dependencies = (
			);
			name = CustomizeUIcollectionView;
			productName = CustomizeUIcollectionView;
			productReference = 8469D30F1EC5B0F60035E99B /* CustomizeUIcollectionView.app */;
			productType = "com.apple.product-type.application";
		};
/* End PBXNativeTarget section */

/* Begin PBXProject section */
		8469D3071EC5B0F60035E99B /* Project object */ = {
			isa = PBXProject;
			attributes = {
				LastSwiftUpdateCheck = 0830;
				LastUpgradeCheck = 0830;
				ORGANIZATIONNAME = "Cid Hsieh";
				TargetAttributes = {
					8469D30E1EC5B0F60035E99B = {
						CreatedOnToolsVersion = 8.3.2;
						DevelopmentTeam = 8H7X36TF25;
						ProvisioningStyle = Automatic;
					};
				};
			};
			buildConfigurationList = 8469D30A1EC5B0F60035E99B /* Build configuration list for PBXProject "CustomizeUIcollectionView" */;
			compatibilityVersion = "Xcode 3.2";
			developmentRegion = English;
			hasScannedForEncodings = 0;
			knownRegions = (
				en,
				Base,
			);
			mainGroup = 8469D3061EC5B0F60035E99B;
			productRefGroup = 8469D3101EC5B0F60035E99B /* Products */;
			projectDirPath = "";
			projectRoot = "";
			targets = (
				8469D30E1EC5B0F60035E99B /* CustomizeUIcollectionView */,
			);
		};
/* End PBXProject section */

/* Begin PBXResourcesBuildPhase section */
		8469D30D1EC5B0F60035E99B /* Resources */ = {
			isa = PBXResourcesBuildPhase;
			buildActionMask = 2147483647;
			files = (
				8469D31D1EC5B0F60035E99B /* LaunchScreen.storyboard in Resources */,
				8469D31A1EC5B0F60035E99B /* Assets.xcassets in Resources */,
				8469D3181EC5B0F60035E99B /* Main.storyboard in Resources */,
			);
			runOnlyForDeploymentPostprocessing = 0;
		};
/* End PBXResourcesBuildPhase section */

/* Begin PBXSourcesBuildPhase section */
		8469D30B1EC5B0F60035E99B /* Sources */ = {
			isa = PBXSourcesBuildPhase;
			buildActionMask = 2147483647;
			files = (
				8469D3151EC5B0F60035E99B /* ViewController.swift in Sources */,
				8469D3131EC5B0F60035E99B /* AppDelegate.swift in Sources */,
				8469D3251EC5B4400035E99B /* CollectionViewCell.swift in Sources */,
			);
			runOnlyForDeploymentPostprocessing = 0;
		};
/* End PBXSourcesBuildPhase section */

/* Begin PBXVariantGroup section */
		8469D3161EC5B0F60035E99B /* Main.storyboard */ = {
			isa = PBXVariantGroup;
			children = (
				8469D3171EC5B0F60035E99B /* Base */,
			);
			name = Main.storyboard;
			sourceTree = "<group>";
		};
		8469D31B1EC5B0F60035E99B /* LaunchScreen.storyboard */ = {
			isa = PBXVariantGroup;
			children = (
				8469D31C1EC5B0F60035E99B /* Base */,
			);
			name = LaunchScreen.storyboard;
			sourceTree = "<group>";
		};
/* End PBXVariantGroup section */

/* Begin XCBuildConfiguration section */
		8469D31F1EC5B0F60035E99B /* Debug */ = {
			isa = XCBuildConfiguration;
			buildSettings = {
				ALWAYS_SEARCH_USER_PATHS = NO;
				CLANG_ANALYZER_NONNULL = YES;
				CLANG_ANALYZER_NUMBER_OBJECT_CONVERSION = YES_AGGRESSIVE;
				CLANG_CXX_LANGUAGE_STANDARD = "gnu++0x";
				CLANG_CXX_LIBRARY = "libc++";
				CLANG_ENABLE_MODULES = YES;
				CLANG_ENABLE_OBJC_ARC = YES;
				CLANG_WARN_BOOL_CONVERSION = YES;
				CLANG_WARN_CONSTANT_CONVERSION = YES;
				CLANG_WARN_DIRECT_OBJC_ISA_USAGE = YES_ERROR;
				CLANG_WARN_DOCUMENTATION_COMMENTS = YES;
				CLANG_WARN_EMPTY_BODY = YES;
				CLANG_WARN_ENUM_CONVERSION = YES;
				CLANG_WARN_INFINITE_RECURSION = YES;
				CLANG_WARN_INT_CONVERSION = YES;
				CLANG_WARN_OBJC_ROOT_CLASS = YES_ERROR;
				CLANG_WARN_SUSPICIOUS_MOVE = YES;
				CLANG_WARN_UNREACHABLE_CODE = YES;
				CLANG_WARN__DUPLICATE_METHOD_MATCH = YES;
				"CODE_SIGN_IDENTITY[sdk=iphoneos*]" = "iPhone Developer";
				COPY_PHASE_STRIP = NO;
				DEBUG_INFORMATION_FORMAT = dwarf;
				ENABLE_STRICT_OBJC_MSGSEND = YES;
				ENABLE_TESTABILITY = YES;
				GCC_C_LANGUAGE_STANDARD = gnu99;
				GCC_DYNAMIC_NO_PIC = NO;
				GCC_NO_COMMON_BLOCKS = YES;
				GCC_OPTIMIZATION_LEVEL = 0;
				GCC_PREPROCESSOR_DEFINITIONS = (
					"DEBUG=1",
					"$(inherited)",
				);
				GCC_WARN_64_TO_32_BIT_CONVERSION = YES;
				GCC_WARN_ABOUT_RETURN_TYPE = YES_ERROR;
				GCC_WARN_UNDECLARED_SELECTOR = YES;
				GCC_WARN_UNINITIALIZED_AUTOS = YES_AGGRESSIVE;
				GCC_WARN_UNUSED_FUNCTION = YES;
				GCC_WARN_UNUSED_VARIABLE = YES;
				IPHONEOS_DEPLOYMENT_TARGET = 10.3;
				MTL_ENABLE_DEBUG_INFO = YES;
				ONLY_ACTIVE_ARCH = YES;
				SDKROOT = iphoneos;
				SWIFT_ACTIVE_COMPILATION_CONDITIONS = DEBUG;
				SWIFT_OPTIMIZATION_LEVEL = "-Onone";
				TARGETED_DEVICE_FAMILY = "1,2";
			};
			name = Debug;
		};
		8469D3201EC5B0F60035E99B /* Release */ = {
			isa = XCBuildConfiguration;
			buildSettings = {
				ALWAYS_SEARCH_USER_PATHS = NO;
				CLANG_ANALYZER_NONNULL = YES;
				CLANG_ANALYZER_NUMBER_OBJECT_CONVERSION = YES_AGGRESSIVE;
				CLANG_CXX_LANGUAGE_STANDARD = "gnu++0x";
				CLANG_CXX_LIBRARY = "libc++";
				CLANG_ENABLE_MODULES = YES;
				CLANG_ENABLE_OBJC_ARC = YES;
				CLANG_WARN_BOOL_CONVERSION = YES;
				CLANG_WARN_CONSTANT_CONVERSION = YES;
				CLANG_WARN_DIRECT_OBJC_ISA_USAGE = YES_ERROR;
				CLANG_WARN_DOCUMENTATION_COMMENTS = YES;
				CLANG_WARN_EMPTY_BODY = YES;
				CLANG_WARN_ENUM_CONVERSION = YES;
				CLANG_WARN_INFINITE_RECURSION = YES;
				CLANG_WARN_INT_CONVERSION = YES;
				CLANG_WARN_OBJC_ROOT_CLASS = YES_ERROR;
				CLANG_WARN_SUSPICIOUS_MOVE = YES;
				CLANG_WARN_UNREACHABLE_CODE = YES;
				CLANG_WARN__DUPLICATE_METHOD_MATCH = YES;
				"CODE_SIGN_IDENTITY[sdk=iphoneos*]" = "iPhone Developer";
				COPY_PHASE_STRIP = NO;
				DEBUG_INFORMATION_FORMAT = "dwarf-with-dsym";
				ENABLE_NS_ASSERTIONS = NO;
				ENABLE_STRICT_OBJC_MSGSEND = YES;
				GCC_C_LANGUAGE_STANDARD = gnu99;
				GCC_NO_COMMON_BLOCKS = YES;
				GCC_WARN_64_TO_32_BIT_CONVERSION = YES;
				GCC_WARN_ABOUT_RETURN_TYPE = YES_ERROR;
				GCC_WARN_UNDECLARED_SELECTOR = YES;
				GCC_WARN_UNINITIALIZED_AUTOS = YES_AGGRESSIVE;
				GCC_WARN_UNUSED_FUNCTION = YES;
				GCC_WARN_UNUSED_VARIABLE = YES;
				IPHONEOS_DEPLOYMENT_TARGET = 10.3;
				MTL_ENABLE_DEBUG_INFO = NO;
				SDKROOT = iphoneos;
				SWIFT_OPTIMIZATION_LEVEL = "-Owholemodule";
				TARGETED_DEVICE_FAMILY = "1,2";
				VALIDATE_PRODUCT = YES;
			};
			name = Release;
		};
		8469D3221EC5B0F60035E99B /* Debug */ = {
			isa = XCBuildConfiguration;
			buildSettings = {
				ASSETCATALOG_COMPILER_APPICON_NAME = AppIcon;
				DEVELOPMENT_TEAM = 8H7X36TF25;
				INFOPLIST_FILE = CustomizeUIcollectionView/Info.plist;
				LD_RUNPATH_SEARCH_PATHS = "$(inherited) @executable_path/Frameworks";
				PRODUCT_BUNDLE_IDENTIFIER = com.CidHsieh.CustomizeUIcollectionView;
				PRODUCT_NAME = "$(TARGET_NAME)";
				SWIFT_VERSION = 3.0;
			};
			name = Debug;
		};
		8469D3231EC5B0F60035E99B /* Release */ = {
			isa = XCBuildConfiguration;
			buildSettings = {
				ASSETCATALOG_COMPILER_APPICON_NAME = AppIcon;
				DEVELOPMENT_TEAM = 8H7X36TF25;
				INFOPLIST_FILE = CustomizeUIcollectionView/Info.plist;
				LD_RUNPATH_SEARCH_PATHS = "$(inherited) @executable_path/Frameworks";
				PRODUCT_BUNDLE_IDENTIFIER = com.CidHsieh.CustomizeUIcollectionView;
				PRODUCT_NAME = "$(TARGET_NAME)";
				SWIFT_VERSION = 3.0;
			};
			name = Release;
		};
/* End XCBuildConfiguration section */

/* Begin XCConfigurationList section */
		8469D30A1EC5B0F60035E99B /* Build configuration list for PBXProject "CustomizeUIcollectionView" */ = {
			isa = XCConfigurationList;
			buildConfigurations = (
				8469D31F1EC5B0F60035E99B /* Debug */,
				8469D3201EC5B0F60035E99B /* Release */,
			);
			defaultConfigurationIsVisible = 0;
			defaultConfigurationName = Release;
		};
		8469D3211EC5B0F60035E99B /* Build configuration list for PBXNativeTarget "CustomizeUIcollectionView" */ = {
			isa = XCConfigurationList;
			buildConfigurations = (
				8469D3221EC5B0F60035E99B /* Debug */,
				8469D3231EC5B0F60035E99B /* Release */,
			);
			defaultConfigurationIsVisible = 0;
		};
/* End XCConfigurationList section */
	};
	rootObject = 8469D3071EC5B0F60035E99B /* Project object */;
}
